
Microsoft Visual Studio Solution File, Format Version 12.00
# Visual Studio Version 17
VisualStudioVersion = 17.5.33530.505
MinimumVisualStudioVersion = 10.0.40219.1
Project("{9A19103F-16F7-4668-BE54-9A1E7A4F7556}") = "VivaAssesment", "VivaAssesment\VivaAssesment.csproj", "{B8FE0650-F266-4D1D-AD5F-FFE3CE4B7BEB}"
EndProject
Project("{9A19103F-16F7-4668-BE54-9A1E7A4F7556}") = "SecondMaxFinderLibrary", "..\VivaProject\SecondMaxFinderLibrary\SecondMaxFinderLibrary.csproj", "{0C2CEBBF-D1F3-406D-AE2D-A471CE1B28B7}"
EndProject
Project("{9A19103F-16F7-4668-BE54-9A1E7A4F7556}") = "SecondMaxFinderTestProject", "SecondMaxFinderTestProject\SecondMaxFinderTestProject.csproj", "{60E4D3ED-F984-4E2B-9A67-F461D638103D}"
EndProject
Project("{9A19103F-16F7-4668-BE54-9A1E7A4F7556}") = "Country.DataAccess", "Country.DataAccess\Country.DataAccess.csproj", "{E475874A-447A-4AA0-A306-A3E7E9A512C5}"
EndProject
Project("{FAE04EC0-301F-11D3-BF4B-00C04F79EFBC}") = "CountryTestProject", "CountryTestProject\CountryTestProject.csproj", "{6150CD2B-21D1-4C1E-8AFC-63AF570CD01E}"
EndProject
Global
	GlobalSection(SolutionConfigurationPlatforms) = preSolution
		Debug|Any CPU = Debug|Any CPU
		Release|Any CPU = Release|Any CPU
	EndGlobalSection
	GlobalSection(ProjectConfigurationPlatforms) = postSolution
		{B8FE0650-F266-4D1D-AD5F-FFE3CE4B7BEB}.Debug|Any CPU.ActiveCfg = Debug|Any CPU
		{B8FE0650-F266-4D1D-AD5F-FFE3CE4B7BEB}.Debug|Any CPU.Build.0 = Debug|Any CPU
		{B8FE0650-F266-4D1D-AD5F-FFE3CE4B7BEB}.Release|Any CPU.ActiveCfg = Release|Any CPU
		{B8FE0650-F266-4D1D-AD5F-FFE3CE4B7BEB}.Release|Any CPU.Build.0 = Release|Any CPU
		{0C2CEBBF-D1F3-406D-AE2D-A471CE1B28B7}.Debug|Any CPU.ActiveCfg = Debug|Any CPU
		{0C2CEBBF-D1F3-406D-AE2D-A471CE1B28B7}.Debug|Any CPU.Build.0 = Debug|Any CPU
		{0C2CEBBF-D1F3-406D-AE2D-A471CE1B28B7}.Release|Any CPU.ActiveCfg = Release|Any CPU
		{0C2CEBBF-D1F3-406D-AE2D-A471CE1B28B7}.Release|Any CPU.Build.0 = Release|Any CPU
		{60E4D3ED-F984-4E2B-9A67-F461D638103D}.Debug|Any CPU.ActiveCfg = Debug|Any CPU
		{60E4D3ED-F984-4E2B-9A67-F461D638103D}.Debug|Any CPU.Build.0 = Debug|Any CPU
		{60E4D3ED-F984-4E2B-9A67-F461D638103D}.Release|Any CPU.ActiveCfg = Release|Any CPU
		{60E4D3ED-F984-4E2B-9A67-F461D638103D}.Release|Any CPU.Build.0 = Release|Any CPU
		{E475874A-447A-4AA0-A306-A3E7E9A512C5}.Debug|Any CPU.ActiveCfg = Debug|Any CPU
		{E475874A-447A-4AA0-A306-A3E7E9A512C5}.Debug|Any CPU.Build.0 = Debug|Any CPU
		{E475874A-447A-4AA0-A306-A3E7E9A512C5}.Release|Any CPU.ActiveCfg = Release|Any CPU
		{E475874A-447A-4AA0-A306-A3E7E9A512C5}.Release|Any CPU.Build.0 = Release|Any CPU
		{6150CD2B-21D1-4C1E-8AFC-63AF570CD01E}.Debug|Any CPU.ActiveCfg = Debug|Any CPU
		{6150CD2B-21D1-4C1E-8AFC-63AF570CD01E}.Debug|Any CPU.Build.0 = Debug|Any CPU
		{6150CD2B-21D1-4C1E-8AFC-63AF570CD01E}.Release|Any CPU.ActiveCfg = Release|Any CPU
		{6150CD2B-21D1-4C1E-8AFC-63AF570CD01E}.Release|Any CPU.Build.0 = Release|Any CPU
	EndGlobalSection
	GlobalSection(SolutionProperties) = preSolution
		HideSolutionNode = FALSE
	EndGlobalSection
	GlobalSection(ExtensibilityGlobals) = postSolution
		SolutionGuid = {66FDCBB3-7DB3-489B-B0F3-3EFB04CA1329}
	EndGlobalSection
EndGlobal
